// !$*UTF8*$!
{
	archiveVersion = 1;
	classes = {
	};
	objectVersion = 55;
	objects = {

/* Begin PBXBuildFile section */
		291884FB2786C2BD009CF816 /* ListView2.swift in Sources */ = {isa = PBXBuildFile; fileRef = 291884FA2786C2BD009CF816 /* ListView2.swift */; };
		291884FD2786C383009CF816 /* RoundedCorner.swift in Sources */ = {isa = PBXBuildFile; fileRef = 291884FC2786C383009CF816 /* RoundedCorner.swift */; };
		291884FF2786CEAE009CF816 /* NeumorphicInterEffect.swift in Sources */ = {isa = PBXBuildFile; fileRef = 291884FE2786CEAE009CF816 /* NeumorphicInterEffect.swift */; };
		291885012786DDFF009CF816 /* ProgressBar2.swift in Sources */ = {isa = PBXBuildFile; fileRef = 291885002786DDFF009CF816 /* ProgressBar2.swift */; };
		291F613F2785AC6800756679 /* MinimaListApp.swift in Sources */ = {isa = PBXBuildFile; fileRef = 291F613E2785AC6800756679 /* MinimaListApp.swift */; };
		291F61432785AC6800756679 /* Assets.xcassets in Resources */ = {isa = PBXBuildFile; fileRef = 291F61422785AC6800756679 /* Assets.xcassets */; };
		291F61462785AC6800756679 /* Preview Assets.xcassets in Resources */ = {isa = PBXBuildFile; fileRef = 291F61452785AC6800756679 /* Preview Assets.xcassets */; };
		291F61522785AC9100756679 /* Home.swift in Sources */ = {isa = PBXBuildFile; fileRef = 291F61512785AC9100756679 /* Home.swift */; };
		291F61542785AD0E00756679 /* ContentView.swift in Sources */ = {isa = PBXBuildFile; fileRef = 291F61532785AD0E00756679 /* ContentView.swift */; };
		291F61562785AD7200756679 /* CustomTabView.swift in Sources */ = {isa = PBXBuildFile; fileRef = 291F61552785AD7200756679 /* CustomTabView.swift */; };
		291F61582785AE0C00756679 /* ToDo.swift in Sources */ = {isa = PBXBuildFile; fileRef = 291F61572785AE0C00756679 /* ToDo.swift */; };
		291F615A2785C98200756679 /* CustomTabItem.swift in Sources */ = {isa = PBXBuildFile; fileRef = 291F61592785C98200756679 /* CustomTabItem.swift */; };
		291F615D2785CE3000756679 /* CustomTabRouter.swift in Sources */ = {isa = PBXBuildFile; fileRef = 291F615C2785CE3000756679 /* CustomTabRouter.swift */; };
		291F615F2785CF7100756679 /* Setting.swift in Sources */ = {isa = PBXBuildFile; fileRef = 291F615E2785CF7100756679 /* Setting.swift */; };
		291F61612785D40A00756679 /* AddList.swift in Sources */ = {isa = PBXBuildFile; fileRef = 291F61602785D40A00756679 /* AddList.swift */; };
		291F61642785D9CF00756679 /* NeumorphicEffect.swift in Sources */ = {isa = PBXBuildFile; fileRef = 291F61632785D9CF00756679 /* NeumorphicEffect.swift */; };
		291F61662785DB2000756679 /* CheckBoxView.swift in Sources */ = {isa = PBXBuildFile; fileRef = 291F61652785DB2000756679 /* CheckBoxView.swift */; };
		291F61682785F12C00756679 /* ListView.swift in Sources */ = {isa = PBXBuildFile; fileRef = 291F61672785F12C00756679 /* ListView.swift */; };
		291F616A2785F25A00756679 /* ProgressBar.swift in Sources */ = {isa = PBXBuildFile; fileRef = 291F61692785F25A00756679 /* ProgressBar.swift */; };
		2974267B27872E5100D42474 /* MinimaList.xcdatamodeld in Sources */ = {isa = PBXBuildFile; fileRef = 2974267927872E5100D42474 /* MinimaList.xcdatamodeld */; };
		2974267D27872E7700D42474 /* CoreDataProvider.swift in Sources */ = {isa = PBXBuildFile; fileRef = 2974267C27872E7700D42474 /* CoreDataProvider.swift */; };
		2974267F27872E9000D42474 /* BaseModel.swift in Sources */ = {isa = PBXBuildFile; fileRef = 2974267E27872E9000D42474 /* BaseModel.swift */; };
		2974268127872F5A00D42474 /* ListModel+Extension.swift in Sources */ = {isa = PBXBuildFile; fileRef = 2974268027872F5A00D42474 /* ListModel+Extension.swift */; };
		2974268327872F6500D42474 /* TodoModel+Extension.swift in Sources */ = {isa = PBXBuildFile; fileRef = 2974268227872F6500D42474 /* TodoModel+Extension.swift */; };
		297426862787309800D42474 /* AddListViewModel.swift in Sources */ = {isa = PBXBuildFile; fileRef = 297426852787309800D42474 /* AddListViewModel.swift */; };
		29742688278730DC00D42474 /* ListViewModel.swift in Sources */ = {isa = PBXBuildFile; fileRef = 29742687278730DC00D42474 /* ListViewModel.swift */; };
		2974268A2787320900D42474 /* AddTodoViewModel.swift in Sources */ = {isa = PBXBuildFile; fileRef = 297426892787320900D42474 /* AddTodoViewModel.swift */; };
		29B755632787356900681201 /* TodoListViewModel.swift in Sources */ = {isa = PBXBuildFile; fileRef = 29B755622787356900681201 /* TodoListViewModel.swift */; };
		29B755652787484000681201 /* AddToDo.swift in Sources */ = {isa = PBXBuildFile; fileRef = 29B755642787484000681201 /* AddToDo.swift */; };
		29CCF9DA27883CE900AB3F6F /* Lottie in Frameworks */ = {isa = PBXBuildFile; productRef = 29CCF9D927883CE900AB3F6F /* Lottie */; };
		29CCF9DC27883D4E00AB3F6F /* LottieView.swift in Sources */ = {isa = PBXBuildFile; fileRef = 29CCF9DB27883D4E00AB3F6F /* LottieView.swift */; };
		29CCF9DF2788406E00AB3F6F /* ModalView.swift in Sources */ = {isa = PBXBuildFile; fileRef = 29CCF9DE2788406E00AB3F6F /* ModalView.swift */; };
		29CCF9E32788422700AB3F6F /* Test.json in Resources */ = {isa = PBXBuildFile; fileRef = 29CCF9E22788422700AB3F6F /* Test.json */; };
/* End PBXBuildFile section */

/* Begin PBXFileReference section */
		291884FA2786C2BD009CF816 /* ListView2.swift */ = {isa = PBXFileReference; lastKnownFileType = sourcecode.swift; path = ListView2.swift; sourceTree = "<group>"; };
		291884FC2786C383009CF816 /* RoundedCorner.swift */ = {isa = PBXFileReference; lastKnownFileType = sourcecode.swift; path = RoundedCorner.swift; sourceTree = "<group>"; };
		291884FE2786CEAE009CF816 /* NeumorphicInterEffect.swift */ = {isa = PBXFileReference; lastKnownFileType = sourcecode.swift; path = NeumorphicInterEffect.swift; sourceTree = "<group>"; };
		291885002786DDFF009CF816 /* ProgressBar2.swift */ = {isa = PBXFileReference; lastKnownFileType = sourcecode.swift; path = ProgressBar2.swift; sourceTree = "<group>"; };
		291F613B2785AC6800756679 /* MinimaList.app */ = {isa = PBXFileReference; explicitFileType = wrapper.application; includeInIndex = 0; path = MinimaList.app; sourceTree = BUILT_PRODUCTS_DIR; };
		291F613E2785AC6800756679 /* MinimaListApp.swift */ = {isa = PBXFileReference; lastKnownFileType = sourcecode.swift; path = MinimaListApp.swift; sourceTree = "<group>"; };
		291F61422785AC6800756679 /* Assets.xcassets */ = {isa = PBXFileReference; lastKnownFileType = folder.assetcatalog; path = Assets.xcassets; sourceTree = "<group>"; };
		291F61452785AC6800756679 /* Preview Assets.xcassets */ = {isa = PBXFileReference; lastKnownFileType = folder.assetcatalog; path = "Preview Assets.xcassets"; sourceTree = "<group>"; };
		291F61512785AC9100756679 /* Home.swift */ = {isa = PBXFileReference; lastKnownFileType = sourcecode.swift; path = Home.swift; sourceTree = "<group>"; };
		291F61532785AD0E00756679 /* ContentView.swift */ = {isa = PBXFileReference; lastKnownFileType = sourcecode.swift; path = ContentView.swift; sourceTree = "<group>"; };
		291F61552785AD7200756679 /* CustomTabView.swift */ = {isa = PBXFileReference; lastKnownFileType = sourcecode.swift; path = CustomTabView.swift; sourceTree = "<group>"; };
		291F61572785AE0C00756679 /* ToDo.swift */ = {isa = PBXFileReference; lastKnownFileType = sourcecode.swift; path = ToDo.swift; sourceTree = "<group>"; };
		291F61592785C98200756679 /* CustomTabItem.swift */ = {isa = PBXFileReference; lastKnownFileType = sourcecode.swift; path = CustomTabItem.swift; sourceTree = "<group>"; };
		291F615C2785CE3000756679 /* CustomTabRouter.swift */ = {isa = PBXFileReference; lastKnownFileType = sourcecode.swift; path = CustomTabRouter.swift; sourceTree = "<group>"; };
		291F615E2785CF7100756679 /* Setting.swift */ = {isa = PBXFileReference; lastKnownFileType = sourcecode.swift; path = Setting.swift; sourceTree = "<group>"; };
		291F61602785D40A00756679 /* AddList.swift */ = {isa = PBXFileReference; lastKnownFileType = sourcecode.swift; path = AddList.swift; sourceTree = "<group>"; };
		291F61632785D9CF00756679 /* NeumorphicEffect.swift */ = {isa = PBXFileReference; lastKnownFileType = sourcecode.swift; path = NeumorphicEffect.swift; sourceTree = "<group>"; };
		291F61652785DB2000756679 /* CheckBoxView.swift */ = {isa = PBXFileReference; lastKnownFileType = sourcecode.swift; path = CheckBoxView.swift; sourceTree = "<group>"; };
		291F61672785F12C00756679 /* ListView.swift */ = {isa = PBXFileReference; lastKnownFileType = sourcecode.swift; path = ListView.swift; sourceTree = "<group>"; };
		291F61692785F25A00756679 /* ProgressBar.swift */ = {isa = PBXFileReference; lastKnownFileType = sourcecode.swift; path = ProgressBar.swift; sourceTree = "<group>"; };
		2974267A27872E5100D42474 /* MinimaList.xcdatamodel */ = {isa = PBXFileReference; lastKnownFileType = wrapper.xcdatamodel; path = MinimaList.xcdatamodel; sourceTree = "<group>"; };
		2974267C27872E7700D42474 /* CoreDataProvider.swift */ = {isa = PBXFileReference; lastKnownFileType = sourcecode.swift; path = CoreDataProvider.swift; sourceTree = "<group>"; };
		2974267E27872E9000D42474 /* BaseModel.swift */ = {isa = PBXFileReference; lastKnownFileType = sourcecode.swift; path = BaseModel.swift; sourceTree = "<group>"; };
		2974268027872F5A00D42474 /* ListModel+Extension.swift */ = {isa = PBXFileReference; lastKnownFileType = sourcecode.swift; path = "ListModel+Extension.swift"; sourceTree = "<group>"; };
		2974268227872F6500D42474 /* TodoModel+Extension.swift */ = {isa = PBXFileReference; lastKnownFileType = sourcecode.swift; path = "TodoModel+Extension.swift"; sourceTree = "<group>"; };
		297426852787309800D42474 /* AddListViewModel.swift */ = {isa = PBXFileReference; lastKnownFileType = sourcecode.swift; path = AddListViewModel.swift; sourceTree = "<group>"; };
		29742687278730DC00D42474 /* ListViewModel.swift */ = {isa = PBXFileReference; lastKnownFileType = sourcecode.swift; path = ListViewModel.swift; sourceTree = "<group>"; };
		297426892787320900D42474 /* AddTodoViewModel.swift */ = {isa = PBXFileReference; lastKnownFileType = sourcecode.swift; path = AddTodoViewModel.swift; sourceTree = "<group>"; };
		29B755622787356900681201 /* TodoListViewModel.swift */ = {isa = PBXFileReference; lastKnownFileType = sourcecode.swift; path = TodoListViewModel.swift; sourceTree = "<group>"; };
		29B755642787484000681201 /* AddToDo.swift */ = {isa = PBXFileReference; lastKnownFileType = sourcecode.swift; path = AddToDo.swift; sourceTree = "<group>"; };
		29CCF9DB27883D4E00AB3F6F /* LottieView.swift */ = {isa = PBXFileReference; lastKnownFileType = sourcecode.swift; path = LottieView.swift; sourceTree = "<group>"; };
		29CCF9DE2788406E00AB3F6F /* ModalView.swift */ = {isa = PBXFileReference; lastKnownFileType = sourcecode.swift; path = ModalView.swift; sourceTree = "<group>"; };
		29CCF9E22788422700AB3F6F /* Test.json */ = {isa = PBXFileReference; fileEncoding = 4; lastKnownFileType = text.json; path = Test.json; sourceTree = "<group>"; };
		29CCF9E427884F1F00AB3F6F /* Info.plist */ = {isa = PBXFileReference; lastKnownFileType = text.plist; path = Info.plist; sourceTree = "<group>"; };
/* End PBXFileReference section */

/* Begin PBXFrameworksBuildPhase section */
		291F61382785AC6800756679 /* Frameworks */ = {
			isa = PBXFrameworksBuildPhase;
			buildActionMask = 2147483647;
			files = (
				29CCF9DA27883CE900AB3F6F /* Lottie in Frameworks */,
			);
			runOnlyForDeploymentPostprocessing = 0;
		};
/* End PBXFrameworksBuildPhase section */

/* Begin PBXGroup section */
		291884F92786C295009CF816 /* Elements */ = {
			isa = PBXGroup;
			children = (
				291F61692785F25A00756679 /* ProgressBar.swift */,
				291885002786DDFF009CF816 /* ProgressBar2.swift */,
				291F61672785F12C00756679 /* ListView.swift */,
				291884FA2786C2BD009CF816 /* ListView2.swift */,
				291F61652785DB2000756679 /* CheckBoxView.swift */,
				291F61632785D9CF00756679 /* NeumorphicEffect.swift */,
				291884FE2786CEAE009CF816 /* NeumorphicInterEffect.swift */,
				291884FC2786C383009CF816 /* RoundedCorner.swift */,
				29CCF9DB27883D4E00AB3F6F /* LottieView.swift */,
				29CCF9DE2788406E00AB3F6F /* ModalView.swift */,
				29CCF9E22788422700AB3F6F /* Test.json */,
			);
			path = Elements;
			sourceTree = "<group>";
		};
		291F61322785AC6800756679 = {
			isa = PBXGroup;
			children = (
				291F613D2785AC6800756679 /* MinimaList */,
				291F613C2785AC6800756679 /* Products */,
			);
			sourceTree = "<group>";
		};
		291F613C2785AC6800756679 /* Products */ = {
			isa = PBXGroup;
			children = (
				291F613B2785AC6800756679 /* MinimaList.app */,
			);
			name = Products;
			sourceTree = "<group>";
		};
		291F613D2785AC6800756679 /* MinimaList */ = {
			isa = PBXGroup;
			children = (
				29CCF9E427884F1F00AB3F6F /* Info.plist */,
				2974267127872B3400D42474 /* Model */,
				291F61622785D40D00756679 /* View */,
				291F615B2785CE0B00756679 /* CustomTabBar */,
				2974268427872F9E00D42474 /* Viewmodel */,
				291F61532785AD0E00756679 /* ContentView.swift */,
				291F613E2785AC6800756679 /* MinimaListApp.swift */,
				291F61422785AC6800756679 /* Assets.xcassets */,
				291F61442785AC6800756679 /* Preview Content */,
			);
			path = MinimaList;
			sourceTree = "<group>";
		};
		291F61442785AC6800756679 /* Preview Content */ = {
			isa = PBXGroup;
			children = (
				291F61452785AC6800756679 /* Preview Assets.xcassets */,
			);
			path = "Preview Content";
			sourceTree = "<group>";
		};
		291F615B2785CE0B00756679 /* CustomTabBar */ = {
			isa = PBXGroup;
			children = (
				291F61552785AD7200756679 /* CustomTabView.swift */,
				291F61592785C98200756679 /* CustomTabItem.swift */,
				291F615C2785CE3000756679 /* CustomTabRouter.swift */,
			);
			path = CustomTabBar;
			sourceTree = "<group>";
		};
		291F61622785D40D00756679 /* View */ = {
			isa = PBXGroup;
			children = (
				291884F92786C295009CF816 /* Elements */,
				291F61512785AC9100756679 /* Home.swift */,
				291F61572785AE0C00756679 /* ToDo.swift */,
				291F615E2785CF7100756679 /* Setting.swift */,
				291F61602785D40A00756679 /* AddList.swift */,
				29B755642787484000681201 /* AddToDo.swift */,
			);
			path = View;
			sourceTree = "<group>";
		};
		2974267127872B3400D42474 /* Model */ = {
			isa = PBXGroup;
			children = (
				2974267927872E5100D42474 /* MinimaList.xcdatamodeld */,
				2974267C27872E7700D42474 /* CoreDataProvider.swift */,
				2974267E27872E9000D42474 /* BaseModel.swift */,
				2974268027872F5A00D42474 /* ListModel+Extension.swift */,
				2974268227872F6500D42474 /* TodoModel+Extension.swift */,
			);
			path = Model;
			sourceTree = "<group>";
		};
		2974268427872F9E00D42474 /* Viewmodel */ = {
			isa = PBXGroup;
			children = (
				297426852787309800D42474 /* AddListViewModel.swift */,
				29742687278730DC00D42474 /* ListViewModel.swift */,
				297426892787320900D42474 /* AddTodoViewModel.swift */,
				29B755622787356900681201 /* TodoListViewModel.swift */,
			);
			path = Viewmodel;
			sourceTree = "<group>";
		};
/* End PBXGroup section */

/* Begin PBXNativeTarget section */
		291F613A2785AC6800756679 /* MinimaList */ = {
			isa = PBXNativeTarget;
			buildConfigurationList = 291F614E2785AC6800756679 /* Build configuration list for PBXNativeTarget "MinimaList" */;
			buildPhases = (
				291F61372785AC6800756679 /* Sources */,
				291F61382785AC6800756679 /* Frameworks */,
				291F61392785AC6800756679 /* Resources */,
			);
			buildRules = (
			);
			dependencies = (
			);
			name = MinimaList;
			packageProductDependencies = (
				29CCF9D927883CE900AB3F6F /* Lottie */,
			);
			productName = MinimaList;
			productReference = 291F613B2785AC6800756679 /* MinimaList.app */;
			productType = "com.apple.product-type.application";
		};
/* End PBXNativeTarget section */

/* Begin PBXProject section */
		291F61332785AC6800756679 /* Project object */ = {
			isa = PBXProject;
			attributes = {
				BuildIndependentTargetsInParallel = 1;
				LastSwiftUpdateCheck = 1310;
				LastUpgradeCheck = 1310;
				TargetAttributes = {
					291F613A2785AC6800756679 = {
						CreatedOnToolsVersion = 13.1;
					};
				};
			};
			buildConfigurationList = 291F61362785AC6800756679 /* Build configuration list for PBXProject "MinimaList" */;
			compatibilityVersion = "Xcode 13.0";
			developmentRegion = en;
			hasScannedForEncodings = 0;
			knownRegions = (
				en,
				Base,
			);
			mainGroup = 291F61322785AC6800756679;
			packageReferences = (
				29CCF9D827883CE900AB3F6F /* XCRemoteSwiftPackageReference "lottie-ios" */,
			);
			productRefGroup = 291F613C2785AC6800756679 /* Products */;
			projectDirPath = "";
			projectRoot = "";
			targets = (
				291F613A2785AC6800756679 /* MinimaList */,
			);
		};
/* End PBXProject section */

/* Begin PBXResourcesBuildPhase section */
		291F61392785AC6800756679 /* Resources */ = {
			isa = PBXResourcesBuildPhase;
			buildActionMask = 2147483647;
			files = (
				29CCF9E32788422700AB3F6F /* Test.json in Resources */,
				291F61462785AC6800756679 /* Preview Assets.xcassets in Resources */,
				291F61432785AC6800756679 /* Assets.xcassets in Resources */,
			);
			runOnlyForDeploymentPostprocessing = 0;
		};
/* End PBXResourcesBuildPhase section */

/* Begin PBXSourcesBuildPhase section */
		291F61372785AC6800756679 /* Sources */ = {
			isa = PBXSourcesBuildPhase;
			buildActionMask = 2147483647;
			files = (
				291884FB2786C2BD009CF816 /* ListView2.swift in Sources */,
				291F61522785AC9100756679 /* Home.swift in Sources */,
				29B755632787356900681201 /* TodoListViewModel.swift in Sources */,
				291F61682785F12C00756679 /* ListView.swift in Sources */,
				297426862787309800D42474 /* AddListViewModel.swift in Sources */,
				291F61612785D40A00756679 /* AddList.swift in Sources */,
				291F615A2785C98200756679 /* CustomTabItem.swift in Sources */,
				291F615D2785CE3000756679 /* CustomTabRouter.swift in Sources */,
				291F616A2785F25A00756679 /* ProgressBar.swift in Sources */,
				291884FF2786CEAE009CF816 /* NeumorphicInterEffect.swift in Sources */,
				2974268A2787320900D42474 /* AddTodoViewModel.swift in Sources */,
				29CCF9DC27883D4E00AB3F6F /* LottieView.swift in Sources */,
				2974267B27872E5100D42474 /* MinimaList.xcdatamodeld in Sources */,
				291884FD2786C383009CF816 /* RoundedCorner.swift in Sources */,
				291F61562785AD7200756679 /* CustomTabView.swift in Sources */,
				291F61582785AE0C00756679 /* ToDo.swift in Sources */,
				291F61662785DB2000756679 /* CheckBoxView.swift in Sources */,
				29742688278730DC00D42474 /* ListViewModel.swift in Sources */,
				2974267D27872E7700D42474 /* CoreDataProvider.swift in Sources */,
				2974267F27872E9000D42474 /* BaseModel.swift in Sources */,
				291885012786DDFF009CF816 /* ProgressBar2.swift in Sources */,
				291F61542785AD0E00756679 /* ContentView.swift in Sources */,
				2974268327872F6500D42474 /* TodoModel+Extension.swift in Sources */,
				291F613F2785AC6800756679 /* MinimaListApp.swift in Sources */,
				291F61642785D9CF00756679 /* NeumorphicEffect.swift in Sources */,
				2974268127872F5A00D42474 /* ListModel+Extension.swift in Sources */,
				29B755652787484000681201 /* AddToDo.swift in Sources */,
				29CCF9DF2788406E00AB3F6F /* ModalView.swift in Sources */,
				291F615F2785CF7100756679 /* Setting.swift in Sources */,
			);
			runOnlyForDeploymentPostprocessing = 0;
		};
/* End PBXSourcesBuildPhase section */

/* Begin XCBuildConfiguration section */
		291F614C2785AC6800756679 /* Debug */ = {
			isa = XCBuildConfiguration;
			buildSettings = {
				ALWAYS_SEARCH_USER_PATHS = NO;
				CLANG_ANALYZER_NONNULL = YES;
				CLANG_ANALYZER_NUMBER_OBJECT_CONVERSION = YES_AGGRESSIVE;
				CLANG_CXX_LANGUAGE_STANDARD = "gnu++17";
				CLANG_CXX_LIBRARY = "libc++";
				CLANG_ENABLE_MODULES = YES;
				CLANG_ENABLE_OBJC_ARC = YES;
				CLANG_ENABLE_OBJC_WEAK = YES;
				CLANG_WARN_BLOCK_CAPTURE_AUTORELEASING = YES;
				CLANG_WARN_BOOL_CONVERSION = YES;
				CLANG_WARN_COMMA = YES;
				CLANG_WARN_CONSTANT_CONVERSION = YES;
				CLANG_WARN_DEPRECATED_OBJC_IMPLEMENTATIONS = YES;
				CLANG_WARN_DIRECT_OBJC_ISA_USAGE = YES_ERROR;
				CLANG_WARN_DOCUMENTATION_COMMENTS = YES;
				CLANG_WARN_EMPTY_BODY = YES;
				CLANG_WARN_ENUM_CONVERSION = YES;
				CLANG_WARN_INFINITE_RECURSION = YES;
				CLANG_WARN_INT_CONVERSION = YES;
				CLANG_WARN_NON_LITERAL_NULL_CONVERSION = YES;
				CLANG_WARN_OBJC_IMPLICIT_RETAIN_SELF = YES;
				CLANG_WARN_OBJC_LITERAL_CONVERSION = YES;
				CLANG_WARN_OBJC_ROOT_CLASS = YES_ERROR;
				CLANG_WARN_QUOTED_INCLUDE_IN_FRAMEWORK_HEADER = YES;
				CLANG_WARN_RANGE_LOOP_ANALYSIS = YES;
				CLANG_WARN_STRICT_PROTOTYPES = YES;
				CLANG_WARN_SUSPICIOUS_MOVE = YES;
				CLANG_WARN_UNGUARDED_AVAILABILITY = YES_AGGRESSIVE;
				CLANG_WARN_UNREACHABLE_CODE = YES;
				CLANG_WARN__DUPLICATE_METHOD_MATCH = YES;
				COPY_PHASE_STRIP = NO;
				DEBUG_INFORMATION_FORMAT = dwarf;
				ENABLE_STRICT_OBJC_MSGSEND = YES;
				ENABLE_TESTABILITY = YES;
				GCC_C_LANGUAGE_STANDARD = gnu11;
				GCC_DYNAMIC_NO_PIC = NO;
				GCC_NO_COMMON_BLOCKS = YES;
				GCC_OPTIMIZATION_LEVEL = 0;
				GCC_PREPROCESSOR_DEFINITIONS = (
					"DEBUG=1",
					"$(inherited)",
				);
				GCC_WARN_64_TO_32_BIT_CONVERSION = YES;
				GCC_WARN_ABOUT_RETURN_TYPE = YES_ERROR;
				GCC_WARN_UNDECLARED_SELECTOR = YES;
				GCC_WARN_UNINITIALIZED_AUTOS = YES_AGGRESSIVE;
				GCC_WARN_UNUSED_FUNCTION = YES;
				GCC_WARN_UNUSED_VARIABLE = YES;
				IPHONEOS_DEPLOYMENT_TARGET = 15.0;
				MTL_ENABLE_DEBUG_INFO = INCLUDE_SOURCE;
				MTL_FAST_MATH = YES;
				ONLY_ACTIVE_ARCH = YES;
				SDKROOT = iphoneos;
				SWIFT_ACTIVE_COMPILATION_CONDITIONS = DEBUG;
				SWIFT_OPTIMIZATION_LEVEL = "-Onone";
			};
			name = Debug;
		};
		291F614D2785AC6800756679 /* Release */ = {
			isa = XCBuildConfiguration;
			buildSettings = {
				ALWAYS_SEARCH_USER_PATHS = NO;
				CLANG_ANALYZER_NONNULL = YES;
				CLANG_ANALYZER_NUMBER_OBJECT_CONVERSION = YES_AGGRESSIVE;
				CLANG_CXX_LANGUAGE_STANDARD = "gnu++17";
				CLANG_CXX_LIBRARY = "libc++";
				CLANG_ENABLE_MODULES = YES;
				CLANG_ENABLE_OBJC_ARC = YES;
				CLANG_ENABLE_OBJC_WEAK = YES;
				CLANG_WARN_BLOCK_CAPTURE_AUTORELEASING = YES;
				CLANG_WARN_BOOL_CONVERSION = YES;
				CLANG_WARN_COMMA = YES;
				CLANG_WARN_CONSTANT_CONVERSION = YES;
				CLANG_WARN_DEPRECATED_OBJC_IMPLEMENTATIONS = YES;
				CLANG_WARN_DIRECT_OBJC_ISA_USAGE = YES_ERROR;
				CLANG_WARN_DOCUMENTATION_COMMENTS = YES;
				CLANG_WARN_EMPTY_BODY = YES;
				CLANG_WARN_ENUM_CONVERSION = YES;
				CLANG_WARN_INFINITE_RECURSION = YES;
				CLANG_WARN_INT_CONVERSION = YES;
				CLANG_WARN_NON_LITERAL_NULL_CONVERSION = YES;
				CLANG_WARN_OBJC_IMPLICIT_RETAIN_SELF = YES;
				CLANG_WARN_OBJC_LITERAL_CONVERSION = YES;
				CLANG_WARN_OBJC_ROOT_CLASS = YES_ERROR;
				CLANG_WARN_QUOTED_INCLUDE_IN_FRAMEWORK_HEADER = YES;
				CLANG_WARN_RANGE_LOOP_ANALYSIS = YES;
				CLANG_WARN_STRICT_PROTOTYPES = YES;
				CLANG_WARN_SUSPICIOUS_MOVE = YES;
				CLANG_WARN_UNGUARDED_AVAILABILITY = YES_AGGRESSIVE;
				CLANG_WARN_UNREACHABLE_CODE = YES;
				CLANG_WARN__DUPLICATE_METHOD_MATCH = YES;
				COPY_PHASE_STRIP = NO;
				DEBUG_INFORMATION_FORMAT = "dwarf-with-dsym";
				ENABLE_NS_ASSERTIONS = NO;
				ENABLE_STRICT_OBJC_MSGSEND = YES;
				GCC_C_LANGUAGE_STANDARD = gnu11;
				GCC_NO_COMMON_BLOCKS = YES;
				GCC_WARN_64_TO_32_BIT_CONVERSION = YES;
				GCC_WARN_ABOUT_RETURN_TYPE = YES_ERROR;
				GCC_WARN_UNDECLARED_SELECTOR = YES;
				GCC_WARN_UNINITIALIZED_AUTOS = YES_AGGRESSIVE;
				GCC_WARN_UNUSED_FUNCTION = YES;
				GCC_WARN_UNUSED_VARIABLE = YES;
				IPHONEOS_DEPLOYMENT_TARGET = 15.0;
				MTL_ENABLE_DEBUG_INFO = NO;
				MTL_FAST_MATH = YES;
				SDKROOT = iphoneos;
				SWIFT_COMPILATION_MODE = wholemodule;
				SWIFT_OPTIMIZATION_LEVEL = "-O";
				VALIDATE_PRODUCT = YES;
			};
			name = Release;
		};
		291F614F2785AC6800756679 /* Debug */ = {
			isa = XCBuildConfiguration;
			buildSettings = {
				ASSETCATALOG_COMPILER_APPICON_NAME = AppIcon;
				ASSETCATALOG_COMPILER_GLOBAL_ACCENT_COLOR_NAME = AccentColor;
				CODE_SIGN_STYLE = Automatic;
				CURRENT_PROJECT_VERSION = 1;
				DEVELOPMENT_ASSET_PATHS = "\"MinimaList/Preview Content\"";
				DEVELOPMENT_TEAM = 46J936NABV;
				ENABLE_PREVIEWS = YES;
				GENERATE_INFOPLIST_FILE = YES;
				INFOPLIST_FILE = MinimaList/Info.plist;
				INFOPLIST_KEY_UIApplicationSceneManifest_Generation = YES;
				INFOPLIST_KEY_UIApplicationSupportsIndirectInputEvents = YES;
				INFOPLIST_KEY_UILaunchScreen_Generation = YES;
				INFOPLIST_KEY_UIStatusBarHidden = NO;
				INFOPLIST_KEY_UISupportedInterfaceOrientations_iPad = "UIInterfaceOrientationPortrait UIInterfaceOrientationPortraitUpsideDown UIInterfaceOrientationLandscapeLeft UIInterfaceOrientationLandscapeRight";
				INFOPLIST_KEY_UISupportedInterfaceOrientations_iPhone = "UIInterfaceOrientationPortrait UIInterfaceOrientationLandscapeLeft UIInterfaceOrientationLandscapeRight";
				LD_RUNPATH_SEARCH_PATHS = (
					"$(inherited)",
					"@executable_path/Frameworks",
				);
				MARKETING_VERSION = 1.0;
				PRODUCT_BUNDLE_IDENTIFIER = "com.Je-re-my-Perez.MinimaList";
				PRODUCT_NAME = "$(TARGET_NAME)";
				SWIFT_EMIT_LOC_STRINGS = YES;
				SWIFT_VERSION = 5.0;
				TARGETED_DEVICE_FAMILY = "1,2";
			};
			name = Debug;
		};
		291F61502785AC6800756679 /* Release */ = {
			isa = XCBuildConfiguration;
			buildSettings = {
				ASSETCATALOG_COMPILER_APPICON_NAME = AppIcon;
				ASSETCATALOG_COMPILER_GLOBAL_ACCENT_COLOR_NAME = AccentColor;
				CODE_SIGN_STYLE = Automatic;
				CURRENT_PROJECT_VERSION = 1;
				DEVELOPMENT_ASSET_PATHS = "\"MinimaList/Preview Content\"";
				DEVELOPMENT_TEAM = 46J936NABV;
				ENABLE_PREVIEWS = YES;
				GENERATE_INFOPLIST_FILE = YES;
				INFOPLIST_FILE = MinimaList/Info.plist;
				INFOPLIST_KEY_UIApplicationSceneManifest_Generation = YES;
				INFOPLIST_KEY_UIApplicationSupportsIndirectInputEvents = YES;
				INFOPLIST_KEY_UILaunchScreen_Generation = YES;
				INFOPLIST_KEY_UIStatusBarHidden = NO;
				INFOPLIST_KEY_UISupportedInterfaceOrientations_iPad = "UIInterfaceOrientationPortrait UIInterfaceOrientationPortraitUpsideDown UIInterfaceOrientationLandscapeLeft UIInterfaceOrientationLandscapeRight";
				INFOPLIST_KEY_UISupportedInterfaceOrientations_iPhone = "UIInterfaceOrientationPortrait UIInterfaceOrientationLandscapeLeft UIInterfaceOrientationLandscapeRight";
				LD_RUNPATH_SEARCH_PATHS = (
					"$(inherited)",
					"@executable_path/Frameworks",
				);
				MARKETING_VERSION = 1.0;
				PRODUCT_BUNDLE_IDENTIFIER = "com.Je-re-my-Perez.MinimaList";
				PRODUCT_NAME = "$(TARGET_NAME)";
				SWIFT_EMIT_LOC_STRINGS = YES;
				SWIFT_VERSION = 5.0;
				TARGETED_DEVICE_FAMILY = "1,2";
			};
			name = Release;
		};
/* End XCBuildConfiguration section */

/* Begin XCConfigurationList section */
		291F61362785AC6800756679 /* Build configuration list for PBXProject "MinimaList" */ = {
			isa = XCConfigurationList;
			buildConfigurations = (
				291F614C2785AC6800756679 /* Debug */,
				291F614D2785AC6800756679 /* Release */,
			);
			defaultConfigurationIsVisible = 0;
			defaultConfigurationName = Release;
		};
		291F614E2785AC6800756679 /* Build configuration list for PBXNativeTarget "MinimaList" */ = {
			isa = XCConfigurationList;
			buildConfigurations = (
				291F614F2785AC6800756679 /* Debug */,
				291F61502785AC6800756679 /* Release */,
			);
			defaultConfigurationIsVisible = 0;
			defaultConfigurationName = Release;
		};
/* End XCConfigurationList section */

/* Begin XCRemoteSwiftPackageReference section */
		29CCF9D827883CE900AB3F6F /* XCRemoteSwiftPackageReference "lottie-ios" */ = {
			isa = XCRemoteSwiftPackageReference;
			repositoryURL = "https://github.com/airbnb/lottie-ios.git";
			requirement = {
				kind = upToNextMajorVersion;
				minimumVersion = 3.0.0;
			};
		};
/* End XCRemoteSwiftPackageReference section */

/* Begin XCSwiftPackageProductDependency section */
		29CCF9D927883CE900AB3F6F /* Lottie */ = {
			isa = XCSwiftPackageProductDependency;
			package = 29CCF9D827883CE900AB3F6F /* XCRemoteSwiftPackageReference "lottie-ios" */;
			productName = Lottie;
		};
/* End XCSwiftPackageProductDependency section */

/* Begin XCVersionGroup section */
		2974267927872E5100D42474 /* MinimaList.xcdatamodeld */ = {
			isa = XCVersionGroup;
			children = (
				2974267A27872E5100D42474 /* MinimaList.xcdatamodel */,
			);
			currentVersion = 2974267A27872E5100D42474 /* MinimaList.xcdatamodel */;
			path = MinimaList.xcdatamodeld;
			sourceTree = "<group>";
			versionGroupType = wrapper.xcdatamodel;
		};
/* End XCVersionGroup section */
	};
	rootObject = 291F61332785AC6800756679 /* Project object */;
}
